
Microsoft Visual Studio Solution File, Format Version 11.00
# Visual Studio 2010
Project("{FAE04EC0-301F-11D3-BF4B-00C04F79EFBC}") = "Madd0.AzureStorageDriver", "Madd0.AzureStorageDriver\Madd0.AzureStorageDriver.csproj", "{33CB981E-3A8D-4949-9B34-F7F0B6B5891F}"
EndProject
Project("{2150E333-8FDC-42A3-9474-1A3956D46DE8}") = "Docs", "Docs", "{60F155B6-550D-41F3-A8DB-67ECA237869C}"
	ProjectSection(SolutionItems) = preProject
		LICENSE.txt = LICENSE.txt
		README.md = README.md
	EndProjectSection
EndProject
Global
	GlobalSection(SolutionConfigurationPlatforms) = preSolution
		Debug|Any CPU = Debug|Any CPU
		Release|Any CPU = Release|Any CPU
	EndGlobalSection
	GlobalSection(ProjectConfigurationPlatforms) = postSolution
		{33CB981E-3A8D-4949-9B34-F7F0B6B5891F}.Debug|Any CPU.ActiveCfg = Debug|Any CPU
		{33CB981E-3A8D-4949-9B34-F7F0B6B5891F}.Debug|Any CPU.Build.0 = Debug|Any CPU
		{33CB981E-3A8D-4949-9B34-F7F0B6B5891F}.Release|Any CPU.ActiveCfg = Release|Any CPU
		{33CB981E-3A8D-4949-9B34-F7F0B6B5891F}.Release|Any CPU.Build.0 = Release|Any CPU
	EndGlobalSection
	GlobalSection(SolutionProperties) = preSolution
		HideSolutionNode = FALSE
	EndGlobalSection
EndGlobal
